
Microsoft Visual Studio Solution File, Format Version 12.00
# Visual Studio Version 17
VisualStudioVersion = 17.11.35303.130
MinimumVisualStudioVersion = 15.0.26730.12
Project("{9A19103F-16F7-4668-BE54-9A1E7A4F7556}") = "Messages", "Messages\Messages.csproj", "{F6DE8266-1F56-4241-965C-2DDBB76CEC1E}"
EndProject
Project("{FAE04EC0-301F-11D3-BF4B-00C04F79EFBC}") = "AspireDemo.AppHost", "AspireDemo.AppHost\AspireDemo.AppHost.csproj", "{392EA528-EF65-474D-93F3-330BC22052A1}"
EndProject
Project("{9A19103F-16F7-4668-BE54-9A1E7A4F7556}") = "AspireDemo.ServiceDefaults", "AspireDemo.ServiceDefaults\AspireDemo.ServiceDefaults.csproj", "{AAB033C1-22EA-410B-A237-25B9E832F0E5}"
EndProject
Project("{FAE04EC0-301F-11D3-BF4B-00C04F79EFBC}") = "DbInitializer", "DbInitializer\DbInitializer.csproj", "{CCF85BA3-C6AB-46F1-BEA6-6F85CFC98D30}"
EndProject
Project("{FAE04EC0-301F-11D3-BF4B-00C04F79EFBC}") = "Reservations.Data", "Reservations.Data\Reservations.Data.csproj", "{DA2B2BB9-9AEA-4B64-A11B-2EFE8925AD66}"
EndProject
Project("{FAE04EC0-301F-11D3-BF4B-00C04F79EFBC}") = "Website", "Website\Website.csproj", "{1E7B7A56-9C7F-4D3E-8BD1-4589E5A5F9E2}"
EndProject
Project("{FAE04EC0-301F-11D3-BF4B-00C04F79EFBC}") = "Reservations.Messages.Events", "Reservations.Messages.Events\Reservations.Messages.Events.csproj", "{5A02DCD9-DEE7-4793-AE1C-D562CF377328}"
EndProject
Project("{FAE04EC0-301F-11D3-BF4B-00C04F79EFBC}") = "Reservations.Messages.Commands", "Reservations.Messages.Commands\Reservations.Messages.Commands.csproj", "{F1F60A65-EC34-4623-924A-083B133A8E68}"
EndProject
Project("{FAE04EC0-301F-11D3-BF4B-00C04F79EFBC}") = "Reservations.Service", "Reservations.Service\Reservations.Service.csproj", "{13FD7930-A98B-4336-B2BC-CFDCE07F4B2D}"
EndProject
Project("{FAE04EC0-301F-11D3-BF4B-00C04F79EFBC}") = "Reservations.ViewModelComposition", "Reservations.ViewModelComposition\Reservations.ViewModelComposition.csproj", "{C92A2291-D7F1-4E07-A70D-7460AA021CE8}"
EndProject
Project("{FAE04EC0-301F-11D3-BF4B-00C04F79EFBC}") = "Reservations.ViewModelComposition.Events", "Reservations.ViewModelComposition.Events\Reservations.ViewModelComposition.Events.csproj", "{41B32D7C-165D-466C-9A37-1F52CB2D7F95}"
EndProject
Project("{FAE04EC0-301F-11D3-BF4B-00C04F79EFBC}") = "Ticketing.Data", "Ticketing.Data\Ticketing.Data.csproj", "{7D991464-2635-4655-A21D-260A2CA26F9E}"
EndProject
Project("{FAE04EC0-301F-11D3-BF4B-00C04F79EFBC}") = "Ticketing.ViewModelComposition", "Ticketing.ViewModelComposition\Ticketing.ViewModelComposition.csproj", "{BA4C0BBF-D4E6-4B59-814D-C2B30C8C0608}"
EndProject
Project("{FAE04EC0-301F-11D3-BF4B-00C04F79EFBC}") = "Ticketing.ViewModelComposition.Events", "Ticketing.ViewModelComposition.Events\Ticketing.ViewModelComposition.Events.csproj", "{56D72BDB-B436-42ED-8582-26A9AE60AC7B}"
EndProject
Project("{FAE04EC0-301F-11D3-BF4B-00C04F79EFBC}") = "Finance.Data", "Finance.Data\Finance.Data.csproj", "{F65F8D45-C54B-43A1-99AD-806588620C39}"
EndProject
Project("{FAE04EC0-301F-11D3-BF4B-00C04F79EFBC}") = "Finance.ViewModelComposition", "Finance.ViewModelComposition\Finance.ViewModelComposition.csproj", "{404D1E8A-A7D8-4232-8657-199EEA55037E}"
EndProject
Project("{FAE04EC0-301F-11D3-BF4B-00C04F79EFBC}") = "Finance.Messages.Commands", "Finance.Messages.Commands\Finance.Messages.Commands.csproj", "{489B7620-029E-45DD-BE11-F7A3F367FD35}"
EndProject
Project("{FAE04EC0-301F-11D3-BF4B-00C04F79EFBC}") = "Finance.Messages.Events", "Finance.Messages.Events\Finance.Messages.Events.csproj", "{3E293040-B819-4533-B86C-8EDD2634B02B}"
EndProject
Project("{FAE04EC0-301F-11D3-BF4B-00C04F79EFBC}") = "ITOps.Infrastructure", "ITOps.Infrastructure\ITOps.Infrastructure.csproj", "{F58BB5A4-6794-4DD3-8780-9E8EDC2E8BBC}"
EndProject
Project("{FAE04EC0-301F-11D3-BF4B-00C04F79EFBC}") = "Finance.Service", "Finance.Service\Finance.Service.csproj", "{DA40F57E-53E8-44EC-9207-CC4C50EB7CE5}"
EndProject
Project("{FAE04EC0-301F-11D3-BF4B-00C04F79EFBC}") = "Finance.PaymentGateway.Messages", "Finance.PaymentGateway.Messages\Finance.PaymentGateway.Messages.csproj", "{EEF28158-1250-4333-A4CE-A19C89A02582}"
EndProject
Project("{FAE04EC0-301F-11D3-BF4B-00C04F79EFBC}") = "Finance.PaymentGateway", "Finance.PaymentGateway\Finance.PaymentGateway.csproj", "{AD8871B5-CCA3-4E18-B96F-ECF2C1243BE6}"
EndProject
Project("{FAE04EC0-301F-11D3-BF4B-00C04F79EFBC}") = "Shipping.Data", "Shipping.Data\Shipping.Data.csproj", "{66CA5146-4F28-455F-A237-EFAA3878B7CA}"
EndProject
Project("{FAE04EC0-301F-11D3-BF4B-00C04F79EFBC}") = "Shipping.ViewModelComposition", "Shipping.ViewModelComposition\Shipping.ViewModelComposition.csproj", "{EA1BB944-7546-426A-8E27-E2E72BA47EC5}"
EndProject
Project("{FAE04EC0-301F-11D3-BF4B-00C04F79EFBC}") = "Shipping.Messages.Commands", "Shipping.Messages.Commands\Shipping.Messages.Commands.csproj", "{1752E777-ED29-44CC-A22C-2692E77A1C44}"
EndProject
Project("{FAE04EC0-301F-11D3-BF4B-00C04F79EFBC}") = "Shipping.Messages.Events", "Shipping.Messages.Events\Shipping.Messages.Events.csproj", "{BF46FF12-6F08-4E06-BA12-7F3D2EA7DA8A}"
EndProject
Project("{FAE04EC0-301F-11D3-BF4B-00C04F79EFBC}") = "Shipping.Service", "Shipping.Service\Shipping.Service.csproj", "{F3A7A4FC-5421-46C4-A1FB-B31B05C36CF2}"
EndProject
Global
	GlobalSection(SolutionConfigurationPlatforms) = preSolution
		Debug|Any CPU = Debug|Any CPU
		Debug|x64 = Debug|x64
		Debug|x86 = Debug|x86
		Release|Any CPU = Release|Any CPU
		Release|x64 = Release|x64
		Release|x86 = Release|x86
	EndGlobalSection
	GlobalSection(ProjectConfigurationPlatforms) = postSolution
		{F6DE8266-1F56-4241-965C-2DDBB76CEC1E}.Debug|Any CPU.ActiveCfg = Debug|Any CPU
		{F6DE8266-1F56-4241-965C-2DDBB76CEC1E}.Debug|Any CPU.Build.0 = Debug|Any CPU
		{F6DE8266-1F56-4241-965C-2DDBB76CEC1E}.Debug|x64.ActiveCfg = Debug|Any CPU
		{F6DE8266-1F56-4241-965C-2DDBB76CEC1E}.Debug|x64.Build.0 = Debug|Any CPU
		{F6DE8266-1F56-4241-965C-2DDBB76CEC1E}.Debug|x86.ActiveCfg = Debug|Any CPU
		{F6DE8266-1F56-4241-965C-2DDBB76CEC1E}.Debug|x86.Build.0 = Debug|Any CPU
		{F6DE8266-1F56-4241-965C-2DDBB76CEC1E}.Release|Any CPU.ActiveCfg = Release|Any CPU
		{F6DE8266-1F56-4241-965C-2DDBB76CEC1E}.Release|Any CPU.Build.0 = Release|Any CPU
		{F6DE8266-1F56-4241-965C-2DDBB76CEC1E}.Release|x64.ActiveCfg = Release|Any CPU
		{F6DE8266-1F56-4241-965C-2DDBB76CEC1E}.Release|x64.Build.0 = Release|Any CPU
		{F6DE8266-1F56-4241-965C-2DDBB76CEC1E}.Release|x86.ActiveCfg = Release|Any CPU
		{F6DE8266-1F56-4241-965C-2DDBB76CEC1E}.Release|x86.Build.0 = Release|Any CPU
		{392EA528-EF65-474D-93F3-330BC22052A1}.Debug|Any CPU.ActiveCfg = Debug|Any CPU
		{392EA528-EF65-474D-93F3-330BC22052A1}.Debug|Any CPU.Build.0 = Debug|Any CPU
		{392EA528-EF65-474D-93F3-330BC22052A1}.Debug|x64.ActiveCfg = Debug|Any CPU
		{392EA528-EF65-474D-93F3-330BC22052A1}.Debug|x64.Build.0 = Debug|Any CPU
		{392EA528-EF65-474D-93F3-330BC22052A1}.Debug|x86.ActiveCfg = Debug|Any CPU
		{392EA528-EF65-474D-93F3-330BC22052A1}.Debug|x86.Build.0 = Debug|Any CPU
		{392EA528-EF65-474D-93F3-330BC22052A1}.Release|Any CPU.ActiveCfg = Release|Any CPU
		{392EA528-EF65-474D-93F3-330BC22052A1}.Release|Any CPU.Build.0 = Release|Any CPU
		{392EA528-EF65-474D-93F3-330BC22052A1}.Release|x64.ActiveCfg = Release|Any CPU
		{392EA528-EF65-474D-93F3-330BC22052A1}.Release|x64.Build.0 = Release|Any CPU
		{392EA528-EF65-474D-93F3-330BC22052A1}.Release|x86.ActiveCfg = Release|Any CPU
		{392EA528-EF65-474D-93F3-330BC22052A1}.Release|x86.Build.0 = Release|Any CPU
		{AAB033C1-22EA-410B-A237-25B9E832F0E5}.Debug|Any CPU.ActiveCfg = Debug|Any CPU
		{AAB033C1-22EA-410B-A237-25B9E832F0E5}.Debug|Any CPU.Build.0 = Debug|Any CPU
		{AAB033C1-22EA-410B-A237-25B9E832F0E5}.Debug|x64.ActiveCfg = Debug|Any CPU
		{AAB033C1-22EA-410B-A237-25B9E832F0E5}.Debug|x64.Build.0 = Debug|Any CPU
		{AAB033C1-22EA-410B-A237-25B9E832F0E5}.Debug|x86.ActiveCfg = Debug|Any CPU
		{AAB033C1-22EA-410B-A237-25B9E832F0E5}.Debug|x86.Build.0 = Debug|Any CPU
		{AAB033C1-22EA-410B-A237-25B9E832F0E5}.Release|Any CPU.ActiveCfg = Release|Any CPU
		{AAB033C1-22EA-410B-A237-25B9E832F0E5}.Release|Any CPU.Build.0 = Release|Any CPU
		{AAB033C1-22EA-410B-A237-25B9E832F0E5}.Release|x64.ActiveCfg = Release|Any CPU
		{AAB033C1-22EA-410B-A237-25B9E832F0E5}.Release|x64.Build.0 = Release|Any CPU
		{AAB033C1-22EA-410B-A237-25B9E832F0E5}.Release|x86.ActiveCfg = Release|Any CPU
		{AAB033C1-22EA-410B-A237-25B9E832F0E5}.Release|x86.Build.0 = Release|Any CPU
		{CCF85BA3-C6AB-46F1-BEA6-6F85CFC98D30}.Debug|Any CPU.ActiveCfg = Debug|Any CPU
		{CCF85BA3-C6AB-46F1-BEA6-6F85CFC98D30}.Debug|Any CPU.Build.0 = Debug|Any CPU
		{CCF85BA3-C6AB-46F1-BEA6-6F85CFC98D30}.Debug|x64.ActiveCfg = Debug|Any CPU
		{CCF85BA3-C6AB-46F1-BEA6-6F85CFC98D30}.Debug|x64.Build.0 = Debug|Any CPU
		{CCF85BA3-C6AB-46F1-BEA6-6F85CFC98D30}.Debug|x86.ActiveCfg = Debug|Any CPU
		{CCF85BA3-C6AB-46F1-BEA6-6F85CFC98D30}.Debug|x86.Build.0 = Debug|Any CPU
		{CCF85BA3-C6AB-46F1-BEA6-6F85CFC98D30}.Release|Any CPU.ActiveCfg = Release|Any CPU
		{CCF85BA3-C6AB-46F1-BEA6-6F85CFC98D30}.Release|Any CPU.Build.0 = Release|Any CPU
		{CCF85BA3-C6AB-46F1-BEA6-6F85CFC98D30}.Release|x64.ActiveCfg = Release|Any CPU
		{CCF85BA3-C6AB-46F1-BEA6-6F85CFC98D30}.Release|x64.Build.0 = Release|Any CPU
		{CCF85BA3-C6AB-46F1-BEA6-6F85CFC98D30}.Release|x86.ActiveCfg = Release|Any CPU
		{CCF85BA3-C6AB-46F1-BEA6-6F85CFC98D30}.Release|x86.Build.0 = Release|Any CPU
		{DA2B2BB9-9AEA-4B64-A11B-2EFE8925AD66}.Debug|Any CPU.ActiveCfg = Debug|Any CPU
		{DA2B2BB9-9AEA-4B64-A11B-2EFE8925AD66}.Debug|Any CPU.Build.0 = Debug|Any CPU
		{DA2B2BB9-9AEA-4B64-A11B-2EFE8925AD66}.Debug|x64.ActiveCfg = Debug|Any CPU
		{DA2B2BB9-9AEA-4B64-A11B-2EFE8925AD66}.Debug|x64.Build.0 = Debug|Any CPU
		{DA2B2BB9-9AEA-4B64-A11B-2EFE8925AD66}.Debug|x86.ActiveCfg = Debug|Any CPU
		{DA2B2BB9-9AEA-4B64-A11B-2EFE8925AD66}.Debug|x86.Build.0 = Debug|Any CPU
		{DA2B2BB9-9AEA-4B64-A11B-2EFE8925AD66}.Release|Any CPU.ActiveCfg = Release|Any CPU
		{DA2B2BB9-9AEA-4B64-A11B-2EFE8925AD66}.Release|Any CPU.Build.0 = Release|Any CPU
		{DA2B2BB9-9AEA-4B64-A11B-2EFE8925AD66}.Release|x64.ActiveCfg = Release|Any CPU
		{DA2B2BB9-9AEA-4B64-A11B-2EFE8925AD66}.Release|x64.Build.0 = Release|Any CPU
		{DA2B2BB9-9AEA-4B64-A11B-2EFE8925AD66}.Release|x86.ActiveCfg = Release|Any CPU
		{DA2B2BB9-9AEA-4B64-A11B-2EFE8925AD66}.Release|x86.Build.0 = Release|Any CPU
		{1E7B7A56-9C7F-4D3E-8BD1-4589E5A5F9E2}.Debug|Any CPU.ActiveCfg = Debug|Any CPU
		{1E7B7A56-9C7F-4D3E-8BD1-4589E5A5F9E2}.Debug|Any CPU.Build.0 = Debug|Any CPU
		{1E7B7A56-9C7F-4D3E-8BD1-4589E5A5F9E2}.Debug|x64.ActiveCfg = Debug|Any CPU
		{1E7B7A56-9C7F-4D3E-8BD1-4589E5A5F9E2}.Debug|x64.Build.0 = Debug|Any CPU
		{1E7B7A56-9C7F-4D3E-8BD1-4589E5A5F9E2}.Debug|x86.ActiveCfg = Debug|Any CPU
		{1E7B7A56-9C7F-4D3E-8BD1-4589E5A5F9E2}.Debug|x86.Build.0 = Debug|Any CPU
		{1E7B7A56-9C7F-4D3E-8BD1-4589E5A5F9E2}.Release|Any CPU.ActiveCfg = Release|Any CPU
		{1E7B7A56-9C7F-4D3E-8BD1-4589E5A5F9E2}.Release|Any CPU.Build.0 = Release|Any CPU
		{1E7B7A56-9C7F-4D3E-8BD1-4589E5A5F9E2}.Release|x64.ActiveCfg = Release|Any CPU
		{1E7B7A56-9C7F-4D3E-8BD1-4589E5A5F9E2}.Release|x64.Build.0 = Release|Any CPU
		{1E7B7A56-9C7F-4D3E-8BD1-4589E5A5F9E2}.Release|x86.ActiveCfg = Release|Any CPU
		{1E7B7A56-9C7F-4D3E-8BD1-4589E5A5F9E2}.Release|x86.Build.0 = Release|Any CPU
		{5A02DCD9-DEE7-4793-AE1C-D562CF377328}.Debug|Any CPU.ActiveCfg = Debug|Any CPU
		{5A02DCD9-DEE7-4793-AE1C-D562CF377328}.Debug|Any CPU.Build.0 = Debug|Any CPU
		{5A02DCD9-DEE7-4793-AE1C-D562CF377328}.Debug|x64.ActiveCfg = Debug|Any CPU
		{5A02DCD9-DEE7-4793-AE1C-D562CF377328}.Debug|x64.Build.0 = Debug|Any CPU
		{5A02DCD9-DEE7-4793-AE1C-D562CF377328}.Debug|x86.ActiveCfg = Debug|Any CPU
		{5A02DCD9-DEE7-4793-AE1C-D562CF377328}.Debug|x86.Build.0 = Debug|Any CPU
		{5A02DCD9-DEE7-4793-AE1C-D562CF377328}.Release|Any CPU.ActiveCfg = Release|Any CPU
		{5A02DCD9-DEE7-4793-AE1C-D562CF377328}.Release|Any CPU.Build.0 = Release|Any CPU
		{5A02DCD9-DEE7-4793-AE1C-D562CF377328}.Release|x64.ActiveCfg = Release|Any CPU
		{5A02DCD9-DEE7-4793-AE1C-D562CF377328}.Release|x64.Build.0 = Release|Any CPU
		{5A02DCD9-DEE7-4793-AE1C-D562CF377328}.Release|x86.ActiveCfg = Release|Any CPU
		{5A02DCD9-DEE7-4793-AE1C-D562CF377328}.Release|x86.Build.0 = Release|Any CPU
		{F1F60A65-EC34-4623-924A-083B133A8E68}.Debug|Any CPU.ActiveCfg = Debug|Any CPU
		{F1F60A65-EC34-4623-924A-083B133A8E68}.Debug|Any CPU.Build.0 = Debug|Any CPU
		{F1F60A65-EC34-4623-924A-083B133A8E68}.Debug|x64.ActiveCfg = Debug|Any CPU
		{F1F60A65-EC34-4623-924A-083B133A8E68}.Debug|x64.Build.0 = Debug|Any CPU
		{F1F60A65-EC34-4623-924A-083B133A8E68}.Debug|x86.ActiveCfg = Debug|Any CPU
		{F1F60A65-EC34-4623-924A-083B133A8E68}.Debug|x86.Build.0 = Debug|Any CPU
		{F1F60A65-EC34-4623-924A-083B133A8E68}.Release|Any CPU.ActiveCfg = Release|Any CPU
		{F1F60A65-EC34-4623-924A-083B133A8E68}.Release|Any CPU.Build.0 = Release|Any CPU
		{F1F60A65-EC34-4623-924A-083B133A8E68}.Release|x64.ActiveCfg = Release|Any CPU
		{F1F60A65-EC34-4623-924A-083B133A8E68}.Release|x64.Build.0 = Release|Any CPU
		{F1F60A65-EC34-4623-924A-083B133A8E68}.Release|x86.ActiveCfg = Release|Any CPU
		{F1F60A65-EC34-4623-924A-083B133A8E68}.Release|x86.Build.0 = Release|Any CPU
		{13FD7930-A98B-4336-B2BC-CFDCE07F4B2D}.Debug|Any CPU.ActiveCfg = Debug|Any CPU
		{13FD7930-A98B-4336-B2BC-CFDCE07F4B2D}.Debug|Any CPU.Build.0 = Debug|Any CPU
		{13FD7930-A98B-4336-B2BC-CFDCE07F4B2D}.Debug|x64.ActiveCfg = Debug|Any CPU
		{13FD7930-A98B-4336-B2BC-CFDCE07F4B2D}.Debug|x64.Build.0 = Debug|Any CPU
		{13FD7930-A98B-4336-B2BC-CFDCE07F4B2D}.Debug|x86.ActiveCfg = Debug|Any CPU
		{13FD7930-A98B-4336-B2BC-CFDCE07F4B2D}.Debug|x86.Build.0 = Debug|Any CPU
		{13FD7930-A98B-4336-B2BC-CFDCE07F4B2D}.Release|Any CPU.ActiveCfg = Release|Any CPU
		{13FD7930-A98B-4336-B2BC-CFDCE07F4B2D}.Release|Any CPU.Build.0 = Release|Any CPU
		{13FD7930-A98B-4336-B2BC-CFDCE07F4B2D}.Release|x64.ActiveCfg = Release|Any CPU
		{13FD7930-A98B-4336-B2BC-CFDCE07F4B2D}.Release|x64.Build.0 = Release|Any CPU
		{13FD7930-A98B-4336-B2BC-CFDCE07F4B2D}.Release|x86.ActiveCfg = Release|Any CPU
		{13FD7930-A98B-4336-B2BC-CFDCE07F4B2D}.Release|x86.Build.0 = Release|Any CPU
		{C92A2291-D7F1-4E07-A70D-7460AA021CE8}.Debug|Any CPU.ActiveCfg = Debug|Any CPU
		{C92A2291-D7F1-4E07-A70D-7460AA021CE8}.Debug|Any CPU.Build.0 = Debug|Any CPU
		{C92A2291-D7F1-4E07-A70D-7460AA021CE8}.Debug|x64.ActiveCfg = Debug|Any CPU
		{C92A2291-D7F1-4E07-A70D-7460AA021CE8}.Debug|x64.Build.0 = Debug|Any CPU
		{C92A2291-D7F1-4E07-A70D-7460AA021CE8}.Debug|x86.ActiveCfg = Debug|Any CPU
		{C92A2291-D7F1-4E07-A70D-7460AA021CE8}.Debug|x86.Build.0 = Debug|Any CPU
		{C92A2291-D7F1-4E07-A70D-7460AA021CE8}.Release|Any CPU.ActiveCfg = Release|Any CPU
		{C92A2291-D7F1-4E07-A70D-7460AA021CE8}.Release|Any CPU.Build.0 = Release|Any CPU
		{C92A2291-D7F1-4E07-A70D-7460AA021CE8}.Release|x64.ActiveCfg = Release|Any CPU
		{C92A2291-D7F1-4E07-A70D-7460AA021CE8}.Release|x64.Build.0 = Release|Any CPU
		{C92A2291-D7F1-4E07-A70D-7460AA021CE8}.Release|x86.ActiveCfg = Release|Any CPU
		{C92A2291-D7F1-4E07-A70D-7460AA021CE8}.Release|x86.Build.0 = Release|Any CPU
		{41B32D7C-165D-466C-9A37-1F52CB2D7F95}.Debug|Any CPU.ActiveCfg = Debug|Any CPU
		{41B32D7C-165D-466C-9A37-1F52CB2D7F95}.Debug|Any CPU.Build.0 = Debug|Any CPU
		{41B32D7C-165D-466C-9A37-1F52CB2D7F95}.Debug|x64.ActiveCfg = Debug|Any CPU
		{41B32D7C-165D-466C-9A37-1F52CB2D7F95}.Debug|x64.Build.0 = Debug|Any CPU
		{41B32D7C-165D-466C-9A37-1F52CB2D7F95}.Debug|x86.ActiveCfg = Debug|Any CPU
		{41B32D7C-165D-466C-9A37-1F52CB2D7F95}.Debug|x86.Build.0 = Debug|Any CPU
		{41B32D7C-165D-466C-9A37-1F52CB2D7F95}.Release|Any CPU.ActiveCfg = Release|Any CPU
		{41B32D7C-165D-466C-9A37-1F52CB2D7F95}.Release|Any CPU.Build.0 = Release|Any CPU
		{41B32D7C-165D-466C-9A37-1F52CB2D7F95}.Release|x64.ActiveCfg = Release|Any CPU
		{41B32D7C-165D-466C-9A37-1F52CB2D7F95}.Release|x64.Build.0 = Release|Any CPU
		{41B32D7C-165D-466C-9A37-1F52CB2D7F95}.Release|x86.ActiveCfg = Release|Any CPU
		{41B32D7C-165D-466C-9A37-1F52CB2D7F95}.Release|x86.Build.0 = Release|Any CPU
		{7D991464-2635-4655-A21D-260A2CA26F9E}.Debug|Any CPU.ActiveCfg = Debug|Any CPU
		{7D991464-2635-4655-A21D-260A2CA26F9E}.Debug|Any CPU.Build.0 = Debug|Any CPU
		{7D991464-2635-4655-A21D-260A2CA26F9E}.Debug|x64.ActiveCfg = Debug|Any CPU
		{7D991464-2635-4655-A21D-260A2CA26F9E}.Debug|x64.Build.0 = Debug|Any CPU
		{7D991464-2635-4655-A21D-260A2CA26F9E}.Debug|x86.ActiveCfg = Debug|Any CPU
		{7D991464-2635-4655-A21D-260A2CA26F9E}.Debug|x86.Build.0 = Debug|Any CPU
		{7D991464-2635-4655-A21D-260A2CA26F9E}.Release|Any CPU.ActiveCfg = Release|Any CPU
		{7D991464-2635-4655-A21D-260A2CA26F9E}.Release|Any CPU.Build.0 = Release|Any CPU
		{7D991464-2635-4655-A21D-260A2CA26F9E}.Release|x64.ActiveCfg = Release|Any CPU
		{7D991464-2635-4655-A21D-260A2CA26F9E}.Release|x64.Build.0 = Release|Any CPU
		{7D991464-2635-4655-A21D-260A2CA26F9E}.Release|x86.ActiveCfg = Release|Any CPU
		{7D991464-2635-4655-A21D-260A2CA26F9E}.Release|x86.Build.0 = Release|Any CPU
		{BA4C0BBF-D4E6-4B59-814D-C2B30C8C0608}.Debug|Any CPU.ActiveCfg = Debug|Any CPU
		{BA4C0BBF-D4E6-4B59-814D-C2B30C8C0608}.Debug|Any CPU.Build.0 = Debug|Any CPU
		{BA4C0BBF-D4E6-4B59-814D-C2B30C8C0608}.Debug|x64.ActiveCfg = Debug|Any CPU
		{BA4C0BBF-D4E6-4B59-814D-C2B30C8C0608}.Debug|x64.Build.0 = Debug|Any CPU
		{BA4C0BBF-D4E6-4B59-814D-C2B30C8C0608}.Debug|x86.ActiveCfg = Debug|Any CPU
		{BA4C0BBF-D4E6-4B59-814D-C2B30C8C0608}.Debug|x86.Build.0 = Debug|Any CPU
		{BA4C0BBF-D4E6-4B59-814D-C2B30C8C0608}.Release|Any CPU.ActiveCfg = Release|Any CPU
		{BA4C0BBF-D4E6-4B59-814D-C2B30C8C0608}.Release|Any CPU.Build.0 = Release|Any CPU
		{BA4C0BBF-D4E6-4B59-814D-C2B30C8C0608}.Release|x64.ActiveCfg = Release|Any CPU
		{BA4C0BBF-D4E6-4B59-814D-C2B30C8C0608}.Release|x64.Build.0 = Release|Any CPU
		{BA4C0BBF-D4E6-4B59-814D-C2B30C8C0608}.Release|x86.ActiveCfg = Release|Any CPU
		{BA4C0BBF-D4E6-4B59-814D-C2B30C8C0608}.Release|x86.Build.0 = Release|Any CPU
		{56D72BDB-B436-42ED-8582-26A9AE60AC7B}.Debug|Any CPU.ActiveCfg = Debug|Any CPU
		{56D72BDB-B436-42ED-8582-26A9AE60AC7B}.Debug|Any CPU.Build.0 = Debug|Any CPU
		{56D72BDB-B436-42ED-8582-26A9AE60AC7B}.Debug|x64.ActiveCfg = Debug|Any CPU
		{56D72BDB-B436-42ED-8582-26A9AE60AC7B}.Debug|x64.Build.0 = Debug|Any CPU
		{56D72BDB-B436-42ED-8582-26A9AE60AC7B}.Debug|x86.ActiveCfg = Debug|Any CPU
		{56D72BDB-B436-42ED-8582-26A9AE60AC7B}.Debug|x86.Build.0 = Debug|Any CPU
		{56D72BDB-B436-42ED-8582-26A9AE60AC7B}.Release|Any CPU.ActiveCfg = Release|Any CPU
		{56D72BDB-B436-42ED-8582-26A9AE60AC7B}.Release|Any CPU.Build.0 = Release|Any CPU
		{56D72BDB-B436-42ED-8582-26A9AE60AC7B}.Release|x64.ActiveCfg = Release|Any CPU
		{56D72BDB-B436-42ED-8582-26A9AE60AC7B}.Release|x64.Build.0 = Release|Any CPU
		{56D72BDB-B436-42ED-8582-26A9AE60AC7B}.Release|x86.ActiveCfg = Release|Any CPU
		{56D72BDB-B436-42ED-8582-26A9AE60AC7B}.Release|x86.Build.0 = Release|Any CPU
		{F65F8D45-C54B-43A1-99AD-806588620C39}.Debug|Any CPU.ActiveCfg = Debug|Any CPU
		{F65F8D45-C54B-43A1-99AD-806588620C39}.Debug|Any CPU.Build.0 = Debug|Any CPU
		{F65F8D45-C54B-43A1-99AD-806588620C39}.Debug|x64.ActiveCfg = Debug|Any CPU
		{F65F8D45-C54B-43A1-99AD-806588620C39}.Debug|x64.Build.0 = Debug|Any CPU
		{F65F8D45-C54B-43A1-99AD-806588620C39}.Debug|x86.ActiveCfg = Debug|Any CPU
		{F65F8D45-C54B-43A1-99AD-806588620C39}.Debug|x86.Build.0 = Debug|Any CPU
		{F65F8D45-C54B-43A1-99AD-806588620C39}.Release|Any CPU.ActiveCfg = Release|Any CPU
		{F65F8D45-C54B-43A1-99AD-806588620C39}.Release|Any CPU.Build.0 = Release|Any CPU
		{F65F8D45-C54B-43A1-99AD-806588620C39}.Release|x64.ActiveCfg = Release|Any CPU
		{F65F8D45-C54B-43A1-99AD-806588620C39}.Release|x64.Build.0 = Release|Any CPU
		{F65F8D45-C54B-43A1-99AD-806588620C39}.Release|x86.ActiveCfg = Release|Any CPU
		{F65F8D45-C54B-43A1-99AD-806588620C39}.Release|x86.Build.0 = Release|Any CPU
		{404D1E8A-A7D8-4232-8657-199EEA55037E}.Debug|Any CPU.ActiveCfg = Debug|Any CPU
		{404D1E8A-A7D8-4232-8657-199EEA55037E}.Debug|Any CPU.Build.0 = Debug|Any CPU
		{404D1E8A-A7D8-4232-8657-199EEA55037E}.Debug|x64.ActiveCfg = Debug|Any CPU
		{404D1E8A-A7D8-4232-8657-199EEA55037E}.Debug|x64.Build.0 = Debug|Any CPU
		{404D1E8A-A7D8-4232-8657-199EEA55037E}.Debug|x86.ActiveCfg = Debug|Any CPU
		{404D1E8A-A7D8-4232-8657-199EEA55037E}.Debug|x86.Build.0 = Debug|Any CPU
		{404D1E8A-A7D8-4232-8657-199EEA55037E}.Release|Any CPU.ActiveCfg = Release|Any CPU
		{404D1E8A-A7D8-4232-8657-199EEA55037E}.Release|Any CPU.Build.0 = Release|Any CPU
		{404D1E8A-A7D8-4232-8657-199EEA55037E}.Release|x64.ActiveCfg = Release|Any CPU
		{404D1E8A-A7D8-4232-8657-199EEA55037E}.Release|x64.Build.0 = Release|Any CPU
		{404D1E8A-A7D8-4232-8657-199EEA55037E}.Release|x86.ActiveCfg = Release|Any CPU
		{404D1E8A-A7D8-4232-8657-199EEA55037E}.Release|x86.Build.0 = Release|Any CPU
		{489B7620-029E-45DD-BE11-F7A3F367FD35}.Debug|Any CPU.ActiveCfg = Debug|Any CPU
		{489B7620-029E-45DD-BE11-F7A3F367FD35}.Debug|Any CPU.Build.0 = Debug|Any CPU
		{489B7620-029E-45DD-BE11-F7A3F367FD35}.Debug|x64.ActiveCfg = Debug|Any CPU
		{489B7620-029E-45DD-BE11-F7A3F367FD35}.Debug|x64.Build.0 = Debug|Any CPU
		{489B7620-029E-45DD-BE11-F7A3F367FD35}.Debug|x86.ActiveCfg = Debug|Any CPU
		{489B7620-029E-45DD-BE11-F7A3F367FD35}.Debug|x86.Build.0 = Debug|Any CPU
		{489B7620-029E-45DD-BE11-F7A3F367FD35}.Release|Any CPU.ActiveCfg = Release|Any CPU
		{489B7620-029E-45DD-BE11-F7A3F367FD35}.Release|Any CPU.Build.0 = Release|Any CPU
		{489B7620-029E-45DD-BE11-F7A3F367FD35}.Release|x64.ActiveCfg = Release|Any CPU
		{489B7620-029E-45DD-BE11-F7A3F367FD35}.Release|x64.Build.0 = Release|Any CPU
		{489B7620-029E-45DD-BE11-F7A3F367FD35}.Release|x86.ActiveCfg = Release|Any CPU
		{489B7620-029E-45DD-BE11-F7A3F367FD35}.Release|x86.Build.0 = Release|Any CPU
		{3E293040-B819-4533-B86C-8EDD2634B02B}.Debug|Any CPU.ActiveCfg = Debug|Any CPU
		{3E293040-B819-4533-B86C-8EDD2634B02B}.Debug|Any CPU.Build.0 = Debug|Any CPU
		{3E293040-B819-4533-B86C-8EDD2634B02B}.Debug|x64.ActiveCfg = Debug|Any CPU
		{3E293040-B819-4533-B86C-8EDD2634B02B}.Debug|x64.Build.0 = Debug|Any CPU
		{3E293040-B819-4533-B86C-8EDD2634B02B}.Debug|x86.ActiveCfg = Debug|Any CPU
		{3E293040-B819-4533-B86C-8EDD2634B02B}.Debug|x86.Build.0 = Debug|Any CPU
		{3E293040-B819-4533-B86C-8EDD2634B02B}.Release|Any CPU.ActiveCfg = Release|Any CPU
		{3E293040-B819-4533-B86C-8EDD2634B02B}.Release|Any CPU.Build.0 = Release|Any CPU
		{3E293040-B819-4533-B86C-8EDD2634B02B}.Release|x64.ActiveCfg = Release|Any CPU
		{3E293040-B819-4533-B86C-8EDD2634B02B}.Release|x64.Build.0 = Release|Any CPU
		{3E293040-B819-4533-B86C-8EDD2634B02B}.Release|x86.ActiveCfg = Release|Any CPU
		{3E293040-B819-4533-B86C-8EDD2634B02B}.Release|x86.Build.0 = Release|Any CPU
		{F58BB5A4-6794-4DD3-8780-9E8EDC2E8BBC}.Debug|Any CPU.ActiveCfg = Debug|Any CPU
		{F58BB5A4-6794-4DD3-8780-9E8EDC2E8BBC}.Debug|Any CPU.Build.0 = Debug|Any CPU
		{F58BB5A4-6794-4DD3-8780-9E8EDC2E8BBC}.Debug|x64.ActiveCfg = Debug|Any CPU
		{F58BB5A4-6794-4DD3-8780-9E8EDC2E8BBC}.Debug|x64.Build.0 = Debug|Any CPU
		{F58BB5A4-6794-4DD3-8780-9E8EDC2E8BBC}.Debug|x86.ActiveCfg = Debug|Any CPU
		{F58BB5A4-6794-4DD3-8780-9E8EDC2E8BBC}.Debug|x86.Build.0 = Debug|Any CPU
		{F58BB5A4-6794-4DD3-8780-9E8EDC2E8BBC}.Release|Any CPU.ActiveCfg = Release|Any CPU
		{F58BB5A4-6794-4DD3-8780-9E8EDC2E8BBC}.Release|Any CPU.Build.0 = Release|Any CPU
		{F58BB5A4-6794-4DD3-8780-9E8EDC2E8BBC}.Release|x64.ActiveCfg = Release|Any CPU
		{F58BB5A4-6794-4DD3-8780-9E8EDC2E8BBC}.Release|x64.Build.0 = Release|Any CPU
		{F58BB5A4-6794-4DD3-8780-9E8EDC2E8BBC}.Release|x86.ActiveCfg = Release|Any CPU
		{F58BB5A4-6794-4DD3-8780-9E8EDC2E8BBC}.Release|x86.Build.0 = Release|Any CPU
		{DA40F57E-53E8-44EC-9207-CC4C50EB7CE5}.Debug|Any CPU.ActiveCfg = Debug|Any CPU
		{DA40F57E-53E8-44EC-9207-CC4C50EB7CE5}.Debug|Any CPU.Build.0 = Debug|Any CPU
		{DA40F57E-53E8-44EC-9207-CC4C50EB7CE5}.Debug|x64.ActiveCfg = Debug|Any CPU
		{DA40F57E-53E8-44EC-9207-CC4C50EB7CE5}.Debug|x64.Build.0 = Debug|Any CPU
		{DA40F57E-53E8-44EC-9207-CC4C50EB7CE5}.Debug|x86.ActiveCfg = Debug|Any CPU
		{DA40F57E-53E8-44EC-9207-CC4C50EB7CE5}.Debug|x86.Build.0 = Debug|Any CPU
		{DA40F57E-53E8-44EC-9207-CC4C50EB7CE5}.Release|Any CPU.ActiveCfg = Release|Any CPU
		{DA40F57E-53E8-44EC-9207-CC4C50EB7CE5}.Release|Any CPU.Build.0 = Release|Any CPU
		{DA40F57E-53E8-44EC-9207-CC4C50EB7CE5}.Release|x64.ActiveCfg = Release|Any CPU
		{DA40F57E-53E8-44EC-9207-CC4C50EB7CE5}.Release|x64.Build.0 = Release|Any CPU
		{DA40F57E-53E8-44EC-9207-CC4C50EB7CE5}.Release|x86.ActiveCfg = Release|Any CPU
		{DA40F57E-53E8-44EC-9207-CC4C50EB7CE5}.Release|x86.Build.0 = Release|Any CPU
		{EEF28158-1250-4333-A4CE-A19C89A02582}.Debug|Any CPU.ActiveCfg = Debug|Any CPU
		{EEF28158-1250-4333-A4CE-A19C89A02582}.Debug|Any CPU.Build.0 = Debug|Any CPU
		{EEF28158-1250-4333-A4CE-A19C89A02582}.Debug|x64.ActiveCfg = Debug|Any CPU
		{EEF28158-1250-4333-A4CE-A19C89A02582}.Debug|x64.Build.0 = Debug|Any CPU
		{EEF28158-1250-4333-A4CE-A19C89A02582}.Debug|x86.ActiveCfg = Debug|Any CPU
		{EEF28158-1250-4333-A4CE-A19C89A02582}.Debug|x86.Build.0 = Debug|Any CPU
		{EEF28158-1250-4333-A4CE-A19C89A02582}.Release|Any CPU.ActiveCfg = Release|Any CPU
		{EEF28158-1250-4333-A4CE-A19C89A02582}.Release|Any CPU.Build.0 = Release|Any CPU
		{EEF28158-1250-4333-A4CE-A19C89A02582}.Release|x64.ActiveCfg = Release|Any CPU
		{EEF28158-1250-4333-A4CE-A19C89A02582}.Release|x64.Build.0 = Release|Any CPU
		{EEF28158-1250-4333-A4CE-A19C89A02582}.Release|x86.ActiveCfg = Release|Any CPU
		{EEF28158-1250-4333-A4CE-A19C89A02582}.Release|x86.Build.0 = Release|Any CPU
		{AD8871B5-CCA3-4E18-B96F-ECF2C1243BE6}.Debug|Any CPU.ActiveCfg = Debug|Any CPU
		{AD8871B5-CCA3-4E18-B96F-ECF2C1243BE6}.Debug|Any CPU.Build.0 = Debug|Any CPU
		{AD8871B5-CCA3-4E18-B96F-ECF2C1243BE6}.Debug|x64.ActiveCfg = Debug|Any CPU
		{AD8871B5-CCA3-4E18-B96F-ECF2C1243BE6}.Debug|x64.Build.0 = Debug|Any CPU
		{AD8871B5-CCA3-4E18-B96F-ECF2C1243BE6}.Debug|x86.ActiveCfg = Debug|Any CPU
		{AD8871B5-CCA3-4E18-B96F-ECF2C1243BE6}.Debug|x86.Build.0 = Debug|Any CPU
		{AD8871B5-CCA3-4E18-B96F-ECF2C1243BE6}.Release|Any CPU.ActiveCfg = Release|Any CPU
		{AD8871B5-CCA3-4E18-B96F-ECF2C1243BE6}.Release|Any CPU.Build.0 = Release|Any CPU
		{AD8871B5-CCA3-4E18-B96F-ECF2C1243BE6}.Release|x64.ActiveCfg = Release|Any CPU
		{AD8871B5-CCA3-4E18-B96F-ECF2C1243BE6}.Release|x64.Build.0 = Release|Any CPU
		{AD8871B5-CCA3-4E18-B96F-ECF2C1243BE6}.Release|x86.ActiveCfg = Release|Any CPU
		{AD8871B5-CCA3-4E18-B96F-ECF2C1243BE6}.Release|x86.Build.0 = Release|Any CPU
		{66CA5146-4F28-455F-A237-EFAA3878B7CA}.Debug|Any CPU.ActiveCfg = Debug|Any CPU
		{66CA5146-4F28-455F-A237-EFAA3878B7CA}.Debug|Any CPU.Build.0 = Debug|Any CPU
		{66CA5146-4F28-455F-A237-EFAA3878B7CA}.Debug|x64.ActiveCfg = Debug|Any CPU
		{66CA5146-4F28-455F-A237-EFAA3878B7CA}.Debug|x64.Build.0 = Debug|Any CPU
		{66CA5146-4F28-455F-A237-EFAA3878B7CA}.Debug|x86.ActiveCfg = Debug|Any CPU
		{66CA5146-4F28-455F-A237-EFAA3878B7CA}.Debug|x86.Build.0 = Debug|Any CPU
		{66CA5146-4F28-455F-A237-EFAA3878B7CA}.Release|Any CPU.ActiveCfg = Release|Any CPU
		{66CA5146-4F28-455F-A237-EFAA3878B7CA}.Release|Any CPU.Build.0 = Release|Any CPU
		{66CA5146-4F28-455F-A237-EFAA3878B7CA}.Release|x64.ActiveCfg = Release|Any CPU
		{66CA5146-4F28-455F-A237-EFAA3878B7CA}.Release|x64.Build.0 = Release|Any CPU
		{66CA5146-4F28-455F-A237-EFAA3878B7CA}.Release|x86.ActiveCfg = Release|Any CPU
		{66CA5146-4F28-455F-A237-EFAA3878B7CA}.Release|x86.Build.0 = Release|Any CPU
		{EA1BB944-7546-426A-8E27-E2E72BA47EC5}.Debug|Any CPU.ActiveCfg = Debug|Any CPU
		{EA1BB944-7546-426A-8E27-E2E72BA47EC5}.Debug|Any CPU.Build.0 = Debug|Any CPU
		{EA1BB944-7546-426A-8E27-E2E72BA47EC5}.Debug|x64.ActiveCfg = Debug|Any CPU
		{EA1BB944-7546-426A-8E27-E2E72BA47EC5}.Debug|x64.Build.0 = Debug|Any CPU
		{EA1BB944-7546-426A-8E27-E2E72BA47EC5}.Debug|x86.ActiveCfg = Debug|Any CPU
		{EA1BB944-7546-426A-8E27-E2E72BA47EC5}.Debug|x86.Build.0 = Debug|Any CPU
		{EA1BB944-7546-426A-8E27-E2E72BA47EC5}.Release|Any CPU.ActiveCfg = Release|Any CPU
		{EA1BB944-7546-426A-8E27-E2E72BA47EC5}.Release|Any CPU.Build.0 = Release|Any CPU
		{EA1BB944-7546-426A-8E27-E2E72BA47EC5}.Release|x64.ActiveCfg = Release|Any CPU
		{EA1BB944-7546-426A-8E27-E2E72BA47EC5}.Release|x64.Build.0 = Release|Any CPU
		{EA1BB944-7546-426A-8E27-E2E72BA47EC5}.Release|x86.ActiveCfg = Release|Any CPU
		{EA1BB944-7546-426A-8E27-E2E72BA47EC5}.Release|x86.Build.0 = Release|Any CPU
		{1752E777-ED29-44CC-A22C-2692E77A1C44}.Debug|Any CPU.ActiveCfg = Debug|Any CPU
		{1752E777-ED29-44CC-A22C-2692E77A1C44}.Debug|Any CPU.Build.0 = Debug|Any CPU
		{1752E777-ED29-44CC-A22C-2692E77A1C44}.Debug|x64.ActiveCfg = Debug|Any CPU
		{1752E777-ED29-44CC-A22C-2692E77A1C44}.Debug|x64.Build.0 = Debug|Any CPU
		{1752E777-ED29-44CC-A22C-2692E77A1C44}.Debug|x86.ActiveCfg = Debug|Any CPU
		{1752E777-ED29-44CC-A22C-2692E77A1C44}.Debug|x86.Build.0 = Debug|Any CPU
		{1752E777-ED29-44CC-A22C-2692E77A1C44}.Release|Any CPU.ActiveCfg = Release|Any CPU
		{1752E777-ED29-44CC-A22C-2692E77A1C44}.Release|Any CPU.Build.0 = Release|Any CPU
		{1752E777-ED29-44CC-A22C-2692E77A1C44}.Release|x64.ActiveCfg = Release|Any CPU
		{1752E777-ED29-44CC-A22C-2692E77A1C44}.Release|x64.Build.0 = Release|Any CPU
		{1752E777-ED29-44CC-A22C-2692E77A1C44}.Release|x86.ActiveCfg = Release|Any CPU
		{1752E777-ED29-44CC-A22C-2692E77A1C44}.Release|x86.Build.0 = Release|Any CPU
		{BF46FF12-6F08-4E06-BA12-7F3D2EA7DA8A}.Debug|Any CPU.ActiveCfg = Debug|Any CPU
		{BF46FF12-6F08-4E06-BA12-7F3D2EA7DA8A}.Debug|Any CPU.Build.0 = Debug|Any CPU
		{BF46FF12-6F08-4E06-BA12-7F3D2EA7DA8A}.Debug|x64.ActiveCfg = Debug|Any CPU
		{BF46FF12-6F08-4E06-BA12-7F3D2EA7DA8A}.Debug|x64.Build.0 = Debug|Any CPU
		{BF46FF12-6F08-4E06-BA12-7F3D2EA7DA8A}.Debug|x86.ActiveCfg = Debug|Any CPU
		{BF46FF12-6F08-4E06-BA12-7F3D2EA7DA8A}.Debug|x86.Build.0 = Debug|Any CPU
		{BF46FF12-6F08-4E06-BA12-7F3D2EA7DA8A}.Release|Any CPU.ActiveCfg = Release|Any CPU
		{BF46FF12-6F08-4E06-BA12-7F3D2EA7DA8A}.Release|Any CPU.Build.0 = Release|Any CPU
		{BF46FF12-6F08-4E06-BA12-7F3D2EA7DA8A}.Release|x64.ActiveCfg = Release|Any CPU
		{BF46FF12-6F08-4E06-BA12-7F3D2EA7DA8A}.Release|x64.Build.0 = Release|Any CPU
		{BF46FF12-6F08-4E06-BA12-7F3D2EA7DA8A}.Release|x86.ActiveCfg = Release|Any CPU
		{BF46FF12-6F08-4E06-BA12-7F3D2EA7DA8A}.Release|x86.Build.0 = Release|Any CPU
		{F3A7A4FC-5421-46C4-A1FB-B31B05C36CF2}.Debug|Any CPU.ActiveCfg = Debug|Any CPU
		{F3A7A4FC-5421-46C4-A1FB-B31B05C36CF2}.Debug|Any CPU.Build.0 = Debug|Any CPU
		{F3A7A4FC-5421-46C4-A1FB-B31B05C36CF2}.Debug|x64.ActiveCfg = Debug|Any CPU
		{F3A7A4FC-5421-46C4-A1FB-B31B05C36CF2}.Debug|x64.Build.0 = Debug|Any CPU
		{F3A7A4FC-5421-46C4-A1FB-B31B05C36CF2}.Debug|x86.ActiveCfg = Debug|Any CPU
		{F3A7A4FC-5421-46C4-A1FB-B31B05C36CF2}.Debug|x86.Build.0 = Debug|Any CPU
		{F3A7A4FC-5421-46C4-A1FB-B31B05C36CF2}.Release|Any CPU.ActiveCfg = Release|Any CPU
		{F3A7A4FC-5421-46C4-A1FB-B31B05C36CF2}.Release|Any CPU.Build.0 = Release|Any CPU
		{F3A7A4FC-5421-46C4-A1FB-B31B05C36CF2}.Release|x64.ActiveCfg = Release|Any CPU
		{F3A7A4FC-5421-46C4-A1FB-B31B05C36CF2}.Release|x64.Build.0 = Release|Any CPU
		{F3A7A4FC-5421-46C4-A1FB-B31B05C36CF2}.Release|x86.ActiveCfg = Release|Any CPU
		{F3A7A4FC-5421-46C4-A1FB-B31B05C36CF2}.Release|x86.Build.0 = Release|Any CPU
	EndGlobalSection
	GlobalSection(SolutionProperties) = preSolution
		HideSolutionNode = FALSE
	EndGlobalSection
EndGlobal
