
Microsoft Visual Studio Solution File, Format Version 12.00
# Visual Studio Version 16
VisualStudioVersion = 16.0.28803.352
MinimumVisualStudioVersion = 10.0.40219.1
Project("{2150E333-8FDC-42A3-9474-1A3956D46DE8}") = "shared", "shared", "{900D7EA7-8C57-4CF7-94B5-1D8625367EC9}"
EndProject
Project("{9A19103F-16F7-4668-BE54-9A1E7A4F7556}") = "PlatformLauncher", "PlatformLauncher\PlatformLauncher.csproj", "{9B1DBDF9-D334-40C5-9EAD-0D6E04DDE2ED}"
EndProject
Project("{9A19103F-16F7-4668-BE54-9A1E7A4F7556}") = "NServiceBus.Shared", "NServiceBus.Shared\NServiceBus.Shared.csproj", "{4882F331-74B9-43AA-89E5-E87E240AD0FD}"
EndProject
Project("{2150E333-8FDC-42A3-9474-1A3956D46DE8}") = "Finance", "Finance", "{1D1589DF-CEB2-4B1C-B8BF-A86CD7A7B4A6}"
EndProject
Project("{9A19103F-16F7-4668-BE54-9A1E7A4F7556}") = "NServiceBus.Shared.Hosting", "NServiceBus.Shared.Hosting\NServiceBus.Shared.Hosting.csproj", "{59D7F079-40A6-4FAE-A4F9-762EFD4DE506}"
EndProject
Project("{9A19103F-16F7-4668-BE54-9A1E7A4F7556}") = "NServiceBus.Shared.MicrosoftDependencyInjection", "NServiceBus.Shared.MicrosoftDependencyInjection\NServiceBus.Shared.MicrosoftDependencyInjection.csproj", "{7502072D-2493-440E-8A8F-E6C00C821E7B}"
EndProject
Project("{2150E333-8FDC-42A3-9474-1A3956D46DE8}") = "Ticketing", "Ticketing", "{82F40981-48CC-4B75-9738-B394AB990E7A}"
EndProject
Project("{9A19103F-16F7-4668-BE54-9A1E7A4F7556}") = "Ticketing.Messages.Events", "Ticketing.Messages.Events\Ticketing.Messages.Events.csproj", "{ADE3A7C8-9307-4BDB-BABF-60166C5ADA94}"
EndProject
Project("{2150E333-8FDC-42A3-9474-1A3956D46DE8}") = "Reservation", "Reservation", "{32C8E39D-93AC-4AF9-981B-152478ADFCA5}"
EndProject
Project("{9A19103F-16F7-4668-BE54-9A1E7A4F7556}") = "Website", "Website\Website.csproj", "{4A60D764-E055-410B-8C64-5359031D433D}"
EndProject
Project("{9A19103F-16F7-4668-BE54-9A1E7A4F7556}") = "Ticketing.ViewComponents", "Ticketing.ViewComponents\Ticketing.ViewComponents.csproj", "{99A51BA4-F78E-4C85-BAA6-9A84439D1914}"
EndProject
Project("{9A19103F-16F7-4668-BE54-9A1E7A4F7556}") = "ITOps.UIComposition.Mvc", "ITOps.UIComposition.Mvc\ITOps.UIComposition.Mvc.csproj", "{41E210ED-F45C-4BEB-814D-4F332EF433EF}"
EndProject
Project("{9A19103F-16F7-4668-BE54-9A1E7A4F7556}") = "Ticketing.Data", "Ticketing.Data\Ticketing.Data.csproj", "{6EF30F98-537C-47BD-979A-82156C1BB5A5}"
EndProject
Project("{9A19103F-16F7-4668-BE54-9A1E7A4F7556}") = "Finance.ViewModelComposition", "Finance.ViewModelComposition\Finance.ViewModelComposition.csproj", "{5AC969AF-777E-478B-85B9-66634B8125E2}"
EndProject
Project("{9A19103F-16F7-4668-BE54-9A1E7A4F7556}") = "JsonUtils", "JsonUtils\JsonUtils.csproj", "{F138B517-8B2F-481C-881C-B1587BC4B5E6}"
EndProject
Project("{FAE04EC0-301F-11D3-BF4B-00C04F79EFBC}") = "Ticketing.ViewModelComposition", "Ticketing.ViewModelComposition\Ticketing.ViewModelComposition.csproj", "{DDE1A4D9-C920-4E6F-BB5D-61EFA8BB7C44}"
EndProject
Project("{FAE04EC0-301F-11D3-BF4B-00C04F79EFBC}") = "Ticketing.ViewModelComposition.Events", "Ticketing.ViewModelComposition.Events\Ticketing.ViewModelComposition.Events.csproj", "{A0B0540B-4B1C-4307-B094-8AEF0B62F514}"
EndProject
Project("{9A19103F-16F7-4668-BE54-9A1E7A4F7556}") = "Finance.ViewComponents", "Finance.ViewComponents\Finance.ViewComponents.csproj", "{31B9CF86-3462-44C4-AE00-54FA0AC13A10}"
EndProject
Project("{9A19103F-16F7-4668-BE54-9A1E7A4F7556}") = "Finance.Data", "Finance.Data\Finance.Data.csproj", "{B2638542-666E-4A9D-AAD4-CAC77D948871}"
EndProject
Global
	GlobalSection(SolutionConfigurationPlatforms) = preSolution
		Debug|Any CPU = Debug|Any CPU
		Release|Any CPU = Release|Any CPU
	EndGlobalSection
	GlobalSection(ProjectConfigurationPlatforms) = postSolution
		{9B1DBDF9-D334-40C5-9EAD-0D6E04DDE2ED}.Debug|Any CPU.ActiveCfg = Debug|Any CPU
		{9B1DBDF9-D334-40C5-9EAD-0D6E04DDE2ED}.Debug|Any CPU.Build.0 = Debug|Any CPU
		{9B1DBDF9-D334-40C5-9EAD-0D6E04DDE2ED}.Release|Any CPU.ActiveCfg = Release|Any CPU
		{9B1DBDF9-D334-40C5-9EAD-0D6E04DDE2ED}.Release|Any CPU.Build.0 = Release|Any CPU
		{4882F331-74B9-43AA-89E5-E87E240AD0FD}.Debug|Any CPU.ActiveCfg = Debug|Any CPU
		{4882F331-74B9-43AA-89E5-E87E240AD0FD}.Debug|Any CPU.Build.0 = Debug|Any CPU
		{4882F331-74B9-43AA-89E5-E87E240AD0FD}.Release|Any CPU.ActiveCfg = Release|Any CPU
		{4882F331-74B9-43AA-89E5-E87E240AD0FD}.Release|Any CPU.Build.0 = Release|Any CPU
		{59D7F079-40A6-4FAE-A4F9-762EFD4DE506}.Debug|Any CPU.ActiveCfg = Debug|Any CPU
		{59D7F079-40A6-4FAE-A4F9-762EFD4DE506}.Debug|Any CPU.Build.0 = Debug|Any CPU
		{59D7F079-40A6-4FAE-A4F9-762EFD4DE506}.Release|Any CPU.ActiveCfg = Release|Any CPU
		{59D7F079-40A6-4FAE-A4F9-762EFD4DE506}.Release|Any CPU.Build.0 = Release|Any CPU
		{7502072D-2493-440E-8A8F-E6C00C821E7B}.Debug|Any CPU.ActiveCfg = Debug|Any CPU
		{7502072D-2493-440E-8A8F-E6C00C821E7B}.Debug|Any CPU.Build.0 = Debug|Any CPU
		{7502072D-2493-440E-8A8F-E6C00C821E7B}.Release|Any CPU.ActiveCfg = Release|Any CPU
		{7502072D-2493-440E-8A8F-E6C00C821E7B}.Release|Any CPU.Build.0 = Release|Any CPU
		{ADE3A7C8-9307-4BDB-BABF-60166C5ADA94}.Debug|Any CPU.ActiveCfg = Debug|Any CPU
		{ADE3A7C8-9307-4BDB-BABF-60166C5ADA94}.Debug|Any CPU.Build.0 = Debug|Any CPU
		{ADE3A7C8-9307-4BDB-BABF-60166C5ADA94}.Release|Any CPU.ActiveCfg = Release|Any CPU
		{ADE3A7C8-9307-4BDB-BABF-60166C5ADA94}.Release|Any CPU.Build.0 = Release|Any CPU
		{4A60D764-E055-410B-8C64-5359031D433D}.Debug|Any CPU.ActiveCfg = Debug|Any CPU
		{4A60D764-E055-410B-8C64-5359031D433D}.Debug|Any CPU.Build.0 = Debug|Any CPU
		{4A60D764-E055-410B-8C64-5359031D433D}.Release|Any CPU.ActiveCfg = Release|Any CPU
		{4A60D764-E055-410B-8C64-5359031D433D}.Release|Any CPU.Build.0 = Release|Any CPU
		{99A51BA4-F78E-4C85-BAA6-9A84439D1914}.Debug|Any CPU.ActiveCfg = Debug|Any CPU
		{99A51BA4-F78E-4C85-BAA6-9A84439D1914}.Debug|Any CPU.Build.0 = Debug|Any CPU
		{99A51BA4-F78E-4C85-BAA6-9A84439D1914}.Release|Any CPU.ActiveCfg = Release|Any CPU
		{99A51BA4-F78E-4C85-BAA6-9A84439D1914}.Release|Any CPU.Build.0 = Release|Any CPU
		{41E210ED-F45C-4BEB-814D-4F332EF433EF}.Debug|Any CPU.ActiveCfg = Debug|Any CPU
		{41E210ED-F45C-4BEB-814D-4F332EF433EF}.Debug|Any CPU.Build.0 = Debug|Any CPU
		{41E210ED-F45C-4BEB-814D-4F332EF433EF}.Release|Any CPU.ActiveCfg = Release|Any CPU
		{41E210ED-F45C-4BEB-814D-4F332EF433EF}.Release|Any CPU.Build.0 = Release|Any CPU
		{6EF30F98-537C-47BD-979A-82156C1BB5A5}.Debug|Any CPU.ActiveCfg = Debug|Any CPU
		{6EF30F98-537C-47BD-979A-82156C1BB5A5}.Debug|Any CPU.Build.0 = Debug|Any CPU
		{6EF30F98-537C-47BD-979A-82156C1BB5A5}.Release|Any CPU.ActiveCfg = Release|Any CPU
		{6EF30F98-537C-47BD-979A-82156C1BB5A5}.Release|Any CPU.Build.0 = Release|Any CPU
		{5AC969AF-777E-478B-85B9-66634B8125E2}.Debug|Any CPU.ActiveCfg = Debug|Any CPU
		{5AC969AF-777E-478B-85B9-66634B8125E2}.Debug|Any CPU.Build.0 = Debug|Any CPU
		{5AC969AF-777E-478B-85B9-66634B8125E2}.Release|Any CPU.ActiveCfg = Release|Any CPU
		{5AC969AF-777E-478B-85B9-66634B8125E2}.Release|Any CPU.Build.0 = Release|Any CPU
		{F138B517-8B2F-481C-881C-B1587BC4B5E6}.Debug|Any CPU.ActiveCfg = Debug|Any CPU
		{F138B517-8B2F-481C-881C-B1587BC4B5E6}.Debug|Any CPU.Build.0 = Debug|Any CPU
		{F138B517-8B2F-481C-881C-B1587BC4B5E6}.Release|Any CPU.ActiveCfg = Release|Any CPU
		{F138B517-8B2F-481C-881C-B1587BC4B5E6}.Release|Any CPU.Build.0 = Release|Any CPU
		{DDE1A4D9-C920-4E6F-BB5D-61EFA8BB7C44}.Debug|Any CPU.ActiveCfg = Debug|Any CPU
		{DDE1A4D9-C920-4E6F-BB5D-61EFA8BB7C44}.Debug|Any CPU.Build.0 = Debug|Any CPU
		{DDE1A4D9-C920-4E6F-BB5D-61EFA8BB7C44}.Release|Any CPU.ActiveCfg = Release|Any CPU
		{DDE1A4D9-C920-4E6F-BB5D-61EFA8BB7C44}.Release|Any CPU.Build.0 = Release|Any CPU
		{A0B0540B-4B1C-4307-B094-8AEF0B62F514}.Debug|Any CPU.ActiveCfg = Debug|Any CPU
		{A0B0540B-4B1C-4307-B094-8AEF0B62F514}.Debug|Any CPU.Build.0 = Debug|Any CPU
		{A0B0540B-4B1C-4307-B094-8AEF0B62F514}.Release|Any CPU.ActiveCfg = Release|Any CPU
		{A0B0540B-4B1C-4307-B094-8AEF0B62F514}.Release|Any CPU.Build.0 = Release|Any CPU
		{31B9CF86-3462-44C4-AE00-54FA0AC13A10}.Debug|Any CPU.ActiveCfg = Debug|Any CPU
		{31B9CF86-3462-44C4-AE00-54FA0AC13A10}.Debug|Any CPU.Build.0 = Debug|Any CPU
		{31B9CF86-3462-44C4-AE00-54FA0AC13A10}.Release|Any CPU.ActiveCfg = Release|Any CPU
		{31B9CF86-3462-44C4-AE00-54FA0AC13A10}.Release|Any CPU.Build.0 = Release|Any CPU
		{B2638542-666E-4A9D-AAD4-CAC77D948871}.Debug|Any CPU.ActiveCfg = Debug|Any CPU
		{B2638542-666E-4A9D-AAD4-CAC77D948871}.Debug|Any CPU.Build.0 = Debug|Any CPU
		{B2638542-666E-4A9D-AAD4-CAC77D948871}.Release|Any CPU.ActiveCfg = Release|Any CPU
		{B2638542-666E-4A9D-AAD4-CAC77D948871}.Release|Any CPU.Build.0 = Release|Any CPU
	EndGlobalSection
	GlobalSection(SolutionProperties) = preSolution
		HideSolutionNode = FALSE
	EndGlobalSection
	GlobalSection(NestedProjects) = preSolution
		{4882F331-74B9-43AA-89E5-E87E240AD0FD} = {900D7EA7-8C57-4CF7-94B5-1D8625367EC9}
		{59D7F079-40A6-4FAE-A4F9-762EFD4DE506} = {900D7EA7-8C57-4CF7-94B5-1D8625367EC9}
		{7502072D-2493-440E-8A8F-E6C00C821E7B} = {900D7EA7-8C57-4CF7-94B5-1D8625367EC9}
		{ADE3A7C8-9307-4BDB-BABF-60166C5ADA94} = {82F40981-48CC-4B75-9738-B394AB990E7A}
		{99A51BA4-F78E-4C85-BAA6-9A84439D1914} = {82F40981-48CC-4B75-9738-B394AB990E7A}
		{6EF30F98-537C-47BD-979A-82156C1BB5A5} = {82F40981-48CC-4B75-9738-B394AB990E7A}
		{5AC969AF-777E-478B-85B9-66634B8125E2} = {1D1589DF-CEB2-4B1C-B8BF-A86CD7A7B4A6}
		{F138B517-8B2F-481C-881C-B1587BC4B5E6} = {900D7EA7-8C57-4CF7-94B5-1D8625367EC9}
		{DDE1A4D9-C920-4E6F-BB5D-61EFA8BB7C44} = {82F40981-48CC-4B75-9738-B394AB990E7A}
		{A0B0540B-4B1C-4307-B094-8AEF0B62F514} = {82F40981-48CC-4B75-9738-B394AB990E7A}
		{31B9CF86-3462-44C4-AE00-54FA0AC13A10} = {1D1589DF-CEB2-4B1C-B8BF-A86CD7A7B4A6}
		{B2638542-666E-4A9D-AAD4-CAC77D948871} = {1D1589DF-CEB2-4B1C-B8BF-A86CD7A7B4A6}
	EndGlobalSection
	GlobalSection(ExtensibilityGlobals) = postSolution
		SolutionGuid = {1D0078F3-1E11-49D2-AE2C-6EA7D61E1B06}
	EndGlobalSection
EndGlobal
