
Microsoft Visual Studio Solution File, Format Version 12.00
# Visual Studio Version 16
VisualStudioVersion = 16.0.28803.352
MinimumVisualStudioVersion = 10.0.40219.1
Project("{2150E333-8FDC-42A3-9474-1A3956D46DE8}") = "shared", "shared", "{900D7EA7-8C57-4CF7-94B5-1D8625367EC9}"
EndProject
Project("{9A19103F-16F7-4668-BE54-9A1E7A4F7556}") = "PlatformLauncher", "PlatformLauncher\PlatformLauncher.csproj", "{9B1DBDF9-D334-40C5-9EAD-0D6E04DDE2ED}"
EndProject
Project("{9A19103F-16F7-4668-BE54-9A1E7A4F7556}") = "NServiceBus.Shared", "NServiceBus.Shared\NServiceBus.Shared.csproj", "{4882F331-74B9-43AA-89E5-E87E240AD0FD}"
EndProject
Project("{2150E333-8FDC-42A3-9474-1A3956D46DE8}") = "Finance", "Finance", "{1D1589DF-CEB2-4B1C-B8BF-A86CD7A7B4A6}"
EndProject
Project("{9A19103F-16F7-4668-BE54-9A1E7A4F7556}") = "NServiceBus.Shared.Hosting", "NServiceBus.Shared.Hosting\NServiceBus.Shared.Hosting.csproj", "{59D7F079-40A6-4FAE-A4F9-762EFD4DE506}"
EndProject
Project("{2150E333-8FDC-42A3-9474-1A3956D46DE8}") = "Ticketing", "Ticketing", "{82F40981-48CC-4B75-9738-B394AB990E7A}"
EndProject
Project("{2150E333-8FDC-42A3-9474-1A3956D46DE8}") = "Reservation", "Reservation", "{32C8E39D-93AC-4AF9-981B-152478ADFCA5}"
EndProject
Project("{9A19103F-16F7-4668-BE54-9A1E7A4F7556}") = "Website", "Website\Website.csproj", "{4A60D764-E055-410B-8C64-5359031D433D}"
EndProject
Project("{9A19103F-16F7-4668-BE54-9A1E7A4F7556}") = "Ticketing.Data", "Ticketing.Data\Ticketing.Data.csproj", "{6EF30F98-537C-47BD-979A-82156C1BB5A5}"
EndProject
Project("{9A19103F-16F7-4668-BE54-9A1E7A4F7556}") = "Finance.ViewModelComposition", "Finance.ViewModelComposition\Finance.ViewModelComposition.csproj", "{5AC969AF-777E-478B-85B9-66634B8125E2}"
EndProject
Project("{9A19103F-16F7-4668-BE54-9A1E7A4F7556}") = "Ticketing.ViewModelComposition", "Ticketing.ViewModelComposition\Ticketing.ViewModelComposition.csproj", "{DDE1A4D9-C920-4E6F-BB5D-61EFA8BB7C44}"
EndProject
Project("{9A19103F-16F7-4668-BE54-9A1E7A4F7556}") = "Ticketing.ViewModelComposition.Events", "Ticketing.ViewModelComposition.Events\Ticketing.ViewModelComposition.Events.csproj", "{A0B0540B-4B1C-4307-B094-8AEF0B62F514}"
EndProject
Project("{9A19103F-16F7-4668-BE54-9A1E7A4F7556}") = "Finance.Data", "Finance.Data\Finance.Data.csproj", "{B2638542-666E-4A9D-AAD4-CAC77D948871}"
EndProject
Project("{9A19103F-16F7-4668-BE54-9A1E7A4F7556}") = "Reservations.Data", "Reservations.Data\Reservations.Data.csproj", "{A0B7A7DB-5474-412F-A4E0-4010132F2CE9}"
EndProject
Project("{9A19103F-16F7-4668-BE54-9A1E7A4F7556}") = "Reservations.ViewModelComposition", "Reservations.ViewModelComposition\Reservations.ViewModelComposition.csproj", "{FDA6D9B8-9373-4E3A-9F39-3C97BA421470}"
EndProject
Project("{9A19103F-16F7-4668-BE54-9A1E7A4F7556}") = "Reservations.Service", "Reservations.Service\Reservations.Service.csproj", "{7D172217-98C8-4311-8318-6900F6F8D50D}"
EndProject
Project("{9A19103F-16F7-4668-BE54-9A1E7A4F7556}") = "Reservations.Messages.Commands", "Reservations.Messages.Commands\Reservations.Messages.Commands.csproj", "{02D3071F-EF79-4FD9-9752-4B041099C459}"
EndProject
Project("{9A19103F-16F7-4668-BE54-9A1E7A4F7556}") = "Finance.Messages.Events", "Finance.Messages.Events\Finance.Messages.Events.csproj", "{D80CBA22-4E4A-49E5-B875-61558962FD53}"
EndProject
Project("{9A19103F-16F7-4668-BE54-9A1E7A4F7556}") = "Reservations.ViewModelComposition.Events", "Reservations.ViewModelComposition.Events\Reservations.ViewModelComposition.Events.csproj", "{03B6E372-5BC9-488B-91F9-C01A7BCAF07A}"
EndProject
Project("{9A19103F-16F7-4668-BE54-9A1E7A4F7556}") = "Finance.Service", "Finance.Service\Finance.Service.csproj", "{6A46B867-16ED-4700-AC6E-FBB6FC49B280}"
EndProject
Project("{9A19103F-16F7-4668-BE54-9A1E7A4F7556}") = "Finance.Messages.Commands", "Finance.Messages.Commands\Finance.Messages.Commands.csproj", "{0C6DDAD3-BD78-49AF-AFD3-17FFC8846167}"
EndProject
Project("{9A19103F-16F7-4668-BE54-9A1E7A4F7556}") = "Reservations.Messages.Events", "Reservations.Messages.Events\Reservations.Messages.Events.csproj", "{C88C6770-CFF4-48E7-A313-6905A6C14AC2}"
EndProject
Project("{9A19103F-16F7-4668-BE54-9A1E7A4F7556}") = "Finance.PaymentGateway", "Finance.PaymentGateway\Finance.PaymentGateway.csproj", "{FB207873-8FE2-42F9-8AEE-A1DCD3E48035}"
EndProject
Project("{9A19103F-16F7-4668-BE54-9A1E7A4F7556}") = "Finance.PaymentGateway.Messages", "Finance.PaymentGateway.Messages\Finance.PaymentGateway.Messages.csproj", "{165570E1-C782-47F4-AA6D-00546682AC13}"
EndProject
Project("{2150E333-8FDC-42A3-9474-1A3956D46DE8}") = "Shipping", "Shipping", "{1EFDBC80-D09C-4B00-9984-6E21E6422D74}"
EndProject
Project("{9A19103F-16F7-4668-BE54-9A1E7A4F7556}") = "Shipping.Service", "Shipping.Service\Shipping.Service.csproj", "{5F07AED9-3A33-4A54-80D1-A0164C886EF8}"
EndProject
Project("{9A19103F-16F7-4668-BE54-9A1E7A4F7556}") = "Shipping.Messages.Events", "Shipping.Messages.Events\Shipping.Messages.Events.csproj", "{47A17268-A0B1-48C9-93FD-7DB05D472FA4}"
EndProject
Project("{9A19103F-16F7-4668-BE54-9A1E7A4F7556}") = "Shipping.ViewModelComposition", "Shipping.ViewModelComposition\Shipping.ViewModelComposition.csproj", "{6C0D692C-4CD3-4C3F-83FF-476F59CCEE17}"
EndProject
Project("{9A19103F-16F7-4668-BE54-9A1E7A4F7556}") = "Shipping.Data", "Shipping.Data\Shipping.Data.csproj", "{94A40C0D-51B6-4CA7-842D-52136B21C4F1}"
EndProject
Project("{9A19103F-16F7-4668-BE54-9A1E7A4F7556}") = "Shipping.Messages.Commands", "Shipping.Messages.Commands\Shipping.Messages.Commands.csproj", "{3EE401ED-9AE7-4AB5-B017-9CBAE39B1C1C}"
EndProject
Project("{FAE04EC0-301F-11D3-BF4B-00C04F79EFBC}") = "Choreography.Tests", "Choreography.Tests\Choreography.Tests.csproj", "{7165C8C0-26A9-47E8-976F-7D7E3A9F1C2B}"
EndProject
Global
	GlobalSection(SolutionConfigurationPlatforms) = preSolution
		Debug|Any CPU = Debug|Any CPU
		Release|Any CPU = Release|Any CPU
	EndGlobalSection
	GlobalSection(ProjectConfigurationPlatforms) = postSolution
		{9B1DBDF9-D334-40C5-9EAD-0D6E04DDE2ED}.Debug|Any CPU.ActiveCfg = Debug|Any CPU
		{9B1DBDF9-D334-40C5-9EAD-0D6E04DDE2ED}.Debug|Any CPU.Build.0 = Debug|Any CPU
		{9B1DBDF9-D334-40C5-9EAD-0D6E04DDE2ED}.Release|Any CPU.ActiveCfg = Release|Any CPU
		{9B1DBDF9-D334-40C5-9EAD-0D6E04DDE2ED}.Release|Any CPU.Build.0 = Release|Any CPU
		{4882F331-74B9-43AA-89E5-E87E240AD0FD}.Debug|Any CPU.ActiveCfg = Debug|Any CPU
		{4882F331-74B9-43AA-89E5-E87E240AD0FD}.Debug|Any CPU.Build.0 = Debug|Any CPU
		{4882F331-74B9-43AA-89E5-E87E240AD0FD}.Release|Any CPU.ActiveCfg = Release|Any CPU
		{4882F331-74B9-43AA-89E5-E87E240AD0FD}.Release|Any CPU.Build.0 = Release|Any CPU
		{59D7F079-40A6-4FAE-A4F9-762EFD4DE506}.Debug|Any CPU.ActiveCfg = Debug|Any CPU
		{59D7F079-40A6-4FAE-A4F9-762EFD4DE506}.Debug|Any CPU.Build.0 = Debug|Any CPU
		{59D7F079-40A6-4FAE-A4F9-762EFD4DE506}.Release|Any CPU.ActiveCfg = Release|Any CPU
		{59D7F079-40A6-4FAE-A4F9-762EFD4DE506}.Release|Any CPU.Build.0 = Release|Any CPU
		{4A60D764-E055-410B-8C64-5359031D433D}.Debug|Any CPU.ActiveCfg = Debug|Any CPU
		{4A60D764-E055-410B-8C64-5359031D433D}.Debug|Any CPU.Build.0 = Debug|Any CPU
		{4A60D764-E055-410B-8C64-5359031D433D}.Release|Any CPU.ActiveCfg = Release|Any CPU
		{4A60D764-E055-410B-8C64-5359031D433D}.Release|Any CPU.Build.0 = Release|Any CPU
		{6EF30F98-537C-47BD-979A-82156C1BB5A5}.Debug|Any CPU.ActiveCfg = Debug|Any CPU
		{6EF30F98-537C-47BD-979A-82156C1BB5A5}.Debug|Any CPU.Build.0 = Debug|Any CPU
		{6EF30F98-537C-47BD-979A-82156C1BB5A5}.Release|Any CPU.ActiveCfg = Release|Any CPU
		{6EF30F98-537C-47BD-979A-82156C1BB5A5}.Release|Any CPU.Build.0 = Release|Any CPU
		{5AC969AF-777E-478B-85B9-66634B8125E2}.Debug|Any CPU.ActiveCfg = Debug|Any CPU
		{5AC969AF-777E-478B-85B9-66634B8125E2}.Debug|Any CPU.Build.0 = Debug|Any CPU
		{5AC969AF-777E-478B-85B9-66634B8125E2}.Release|Any CPU.ActiveCfg = Release|Any CPU
		{5AC969AF-777E-478B-85B9-66634B8125E2}.Release|Any CPU.Build.0 = Release|Any CPU
		{DDE1A4D9-C920-4E6F-BB5D-61EFA8BB7C44}.Debug|Any CPU.ActiveCfg = Debug|Any CPU
		{DDE1A4D9-C920-4E6F-BB5D-61EFA8BB7C44}.Debug|Any CPU.Build.0 = Debug|Any CPU
		{DDE1A4D9-C920-4E6F-BB5D-61EFA8BB7C44}.Release|Any CPU.ActiveCfg = Release|Any CPU
		{DDE1A4D9-C920-4E6F-BB5D-61EFA8BB7C44}.Release|Any CPU.Build.0 = Release|Any CPU
		{A0B0540B-4B1C-4307-B094-8AEF0B62F514}.Debug|Any CPU.ActiveCfg = Debug|Any CPU
		{A0B0540B-4B1C-4307-B094-8AEF0B62F514}.Debug|Any CPU.Build.0 = Debug|Any CPU
		{A0B0540B-4B1C-4307-B094-8AEF0B62F514}.Release|Any CPU.ActiveCfg = Release|Any CPU
		{A0B0540B-4B1C-4307-B094-8AEF0B62F514}.Release|Any CPU.Build.0 = Release|Any CPU
		{B2638542-666E-4A9D-AAD4-CAC77D948871}.Debug|Any CPU.ActiveCfg = Debug|Any CPU
		{B2638542-666E-4A9D-AAD4-CAC77D948871}.Debug|Any CPU.Build.0 = Debug|Any CPU
		{B2638542-666E-4A9D-AAD4-CAC77D948871}.Release|Any CPU.ActiveCfg = Release|Any CPU
		{B2638542-666E-4A9D-AAD4-CAC77D948871}.Release|Any CPU.Build.0 = Release|Any CPU
		{A0B7A7DB-5474-412F-A4E0-4010132F2CE9}.Debug|Any CPU.ActiveCfg = Debug|Any CPU
		{A0B7A7DB-5474-412F-A4E0-4010132F2CE9}.Debug|Any CPU.Build.0 = Debug|Any CPU
		{A0B7A7DB-5474-412F-A4E0-4010132F2CE9}.Release|Any CPU.ActiveCfg = Release|Any CPU
		{A0B7A7DB-5474-412F-A4E0-4010132F2CE9}.Release|Any CPU.Build.0 = Release|Any CPU
		{FDA6D9B8-9373-4E3A-9F39-3C97BA421470}.Debug|Any CPU.ActiveCfg = Debug|Any CPU
		{FDA6D9B8-9373-4E3A-9F39-3C97BA421470}.Debug|Any CPU.Build.0 = Debug|Any CPU
		{FDA6D9B8-9373-4E3A-9F39-3C97BA421470}.Release|Any CPU.ActiveCfg = Release|Any CPU
		{FDA6D9B8-9373-4E3A-9F39-3C97BA421470}.Release|Any CPU.Build.0 = Release|Any CPU
		{7D172217-98C8-4311-8318-6900F6F8D50D}.Debug|Any CPU.ActiveCfg = Debug|Any CPU
		{7D172217-98C8-4311-8318-6900F6F8D50D}.Debug|Any CPU.Build.0 = Debug|Any CPU
		{7D172217-98C8-4311-8318-6900F6F8D50D}.Release|Any CPU.ActiveCfg = Release|Any CPU
		{7D172217-98C8-4311-8318-6900F6F8D50D}.Release|Any CPU.Build.0 = Release|Any CPU
		{02D3071F-EF79-4FD9-9752-4B041099C459}.Debug|Any CPU.ActiveCfg = Debug|Any CPU
		{02D3071F-EF79-4FD9-9752-4B041099C459}.Debug|Any CPU.Build.0 = Debug|Any CPU
		{02D3071F-EF79-4FD9-9752-4B041099C459}.Release|Any CPU.ActiveCfg = Release|Any CPU
		{02D3071F-EF79-4FD9-9752-4B041099C459}.Release|Any CPU.Build.0 = Release|Any CPU
		{D80CBA22-4E4A-49E5-B875-61558962FD53}.Debug|Any CPU.ActiveCfg = Debug|Any CPU
		{D80CBA22-4E4A-49E5-B875-61558962FD53}.Debug|Any CPU.Build.0 = Debug|Any CPU
		{D80CBA22-4E4A-49E5-B875-61558962FD53}.Release|Any CPU.ActiveCfg = Release|Any CPU
		{D80CBA22-4E4A-49E5-B875-61558962FD53}.Release|Any CPU.Build.0 = Release|Any CPU
		{03B6E372-5BC9-488B-91F9-C01A7BCAF07A}.Debug|Any CPU.ActiveCfg = Debug|Any CPU
		{03B6E372-5BC9-488B-91F9-C01A7BCAF07A}.Debug|Any CPU.Build.0 = Debug|Any CPU
		{03B6E372-5BC9-488B-91F9-C01A7BCAF07A}.Release|Any CPU.ActiveCfg = Release|Any CPU
		{03B6E372-5BC9-488B-91F9-C01A7BCAF07A}.Release|Any CPU.Build.0 = Release|Any CPU
		{6A46B867-16ED-4700-AC6E-FBB6FC49B280}.Debug|Any CPU.ActiveCfg = Debug|Any CPU
		{6A46B867-16ED-4700-AC6E-FBB6FC49B280}.Debug|Any CPU.Build.0 = Debug|Any CPU
		{6A46B867-16ED-4700-AC6E-FBB6FC49B280}.Release|Any CPU.ActiveCfg = Release|Any CPU
		{6A46B867-16ED-4700-AC6E-FBB6FC49B280}.Release|Any CPU.Build.0 = Release|Any CPU
		{0C6DDAD3-BD78-49AF-AFD3-17FFC8846167}.Debug|Any CPU.ActiveCfg = Debug|Any CPU
		{0C6DDAD3-BD78-49AF-AFD3-17FFC8846167}.Debug|Any CPU.Build.0 = Debug|Any CPU
		{0C6DDAD3-BD78-49AF-AFD3-17FFC8846167}.Release|Any CPU.ActiveCfg = Release|Any CPU
		{0C6DDAD3-BD78-49AF-AFD3-17FFC8846167}.Release|Any CPU.Build.0 = Release|Any CPU
		{C88C6770-CFF4-48E7-A313-6905A6C14AC2}.Debug|Any CPU.ActiveCfg = Debug|Any CPU
		{C88C6770-CFF4-48E7-A313-6905A6C14AC2}.Debug|Any CPU.Build.0 = Debug|Any CPU
		{C88C6770-CFF4-48E7-A313-6905A6C14AC2}.Release|Any CPU.ActiveCfg = Release|Any CPU
		{C88C6770-CFF4-48E7-A313-6905A6C14AC2}.Release|Any CPU.Build.0 = Release|Any CPU
		{FB207873-8FE2-42F9-8AEE-A1DCD3E48035}.Debug|Any CPU.ActiveCfg = Debug|Any CPU
		{FB207873-8FE2-42F9-8AEE-A1DCD3E48035}.Debug|Any CPU.Build.0 = Debug|Any CPU
		{FB207873-8FE2-42F9-8AEE-A1DCD3E48035}.Release|Any CPU.ActiveCfg = Release|Any CPU
		{FB207873-8FE2-42F9-8AEE-A1DCD3E48035}.Release|Any CPU.Build.0 = Release|Any CPU
		{165570E1-C782-47F4-AA6D-00546682AC13}.Debug|Any CPU.ActiveCfg = Debug|Any CPU
		{165570E1-C782-47F4-AA6D-00546682AC13}.Debug|Any CPU.Build.0 = Debug|Any CPU
		{165570E1-C782-47F4-AA6D-00546682AC13}.Release|Any CPU.ActiveCfg = Release|Any CPU
		{165570E1-C782-47F4-AA6D-00546682AC13}.Release|Any CPU.Build.0 = Release|Any CPU
		{5F07AED9-3A33-4A54-80D1-A0164C886EF8}.Debug|Any CPU.ActiveCfg = Debug|Any CPU
		{5F07AED9-3A33-4A54-80D1-A0164C886EF8}.Debug|Any CPU.Build.0 = Debug|Any CPU
		{5F07AED9-3A33-4A54-80D1-A0164C886EF8}.Release|Any CPU.ActiveCfg = Release|Any CPU
		{5F07AED9-3A33-4A54-80D1-A0164C886EF8}.Release|Any CPU.Build.0 = Release|Any CPU
		{47A17268-A0B1-48C9-93FD-7DB05D472FA4}.Debug|Any CPU.ActiveCfg = Debug|Any CPU
		{47A17268-A0B1-48C9-93FD-7DB05D472FA4}.Debug|Any CPU.Build.0 = Debug|Any CPU
		{47A17268-A0B1-48C9-93FD-7DB05D472FA4}.Release|Any CPU.ActiveCfg = Release|Any CPU
		{47A17268-A0B1-48C9-93FD-7DB05D472FA4}.Release|Any CPU.Build.0 = Release|Any CPU
		{6C0D692C-4CD3-4C3F-83FF-476F59CCEE17}.Debug|Any CPU.ActiveCfg = Debug|Any CPU
		{6C0D692C-4CD3-4C3F-83FF-476F59CCEE17}.Debug|Any CPU.Build.0 = Debug|Any CPU
		{6C0D692C-4CD3-4C3F-83FF-476F59CCEE17}.Release|Any CPU.ActiveCfg = Release|Any CPU
		{6C0D692C-4CD3-4C3F-83FF-476F59CCEE17}.Release|Any CPU.Build.0 = Release|Any CPU
		{94A40C0D-51B6-4CA7-842D-52136B21C4F1}.Debug|Any CPU.ActiveCfg = Debug|Any CPU
		{94A40C0D-51B6-4CA7-842D-52136B21C4F1}.Debug|Any CPU.Build.0 = Debug|Any CPU
		{94A40C0D-51B6-4CA7-842D-52136B21C4F1}.Release|Any CPU.ActiveCfg = Release|Any CPU
		{94A40C0D-51B6-4CA7-842D-52136B21C4F1}.Release|Any CPU.Build.0 = Release|Any CPU
		{3EE401ED-9AE7-4AB5-B017-9CBAE39B1C1C}.Debug|Any CPU.ActiveCfg = Debug|Any CPU
		{3EE401ED-9AE7-4AB5-B017-9CBAE39B1C1C}.Debug|Any CPU.Build.0 = Debug|Any CPU
		{3EE401ED-9AE7-4AB5-B017-9CBAE39B1C1C}.Release|Any CPU.ActiveCfg = Release|Any CPU
		{3EE401ED-9AE7-4AB5-B017-9CBAE39B1C1C}.Release|Any CPU.Build.0 = Release|Any CPU
		{7165C8C0-26A9-47E8-976F-7D7E3A9F1C2B}.Debug|Any CPU.ActiveCfg = Debug|Any CPU
		{7165C8C0-26A9-47E8-976F-7D7E3A9F1C2B}.Debug|Any CPU.Build.0 = Debug|Any CPU
		{7165C8C0-26A9-47E8-976F-7D7E3A9F1C2B}.Release|Any CPU.ActiveCfg = Release|Any CPU
		{7165C8C0-26A9-47E8-976F-7D7E3A9F1C2B}.Release|Any CPU.Build.0 = Release|Any CPU
	EndGlobalSection
	GlobalSection(SolutionProperties) = preSolution
		HideSolutionNode = FALSE
	EndGlobalSection
	GlobalSection(NestedProjects) = preSolution
		{4882F331-74B9-43AA-89E5-E87E240AD0FD} = {900D7EA7-8C57-4CF7-94B5-1D8625367EC9}
		{59D7F079-40A6-4FAE-A4F9-762EFD4DE506} = {900D7EA7-8C57-4CF7-94B5-1D8625367EC9}
		{6EF30F98-537C-47BD-979A-82156C1BB5A5} = {82F40981-48CC-4B75-9738-B394AB990E7A}
		{5AC969AF-777E-478B-85B9-66634B8125E2} = {1D1589DF-CEB2-4B1C-B8BF-A86CD7A7B4A6}
		{DDE1A4D9-C920-4E6F-BB5D-61EFA8BB7C44} = {82F40981-48CC-4B75-9738-B394AB990E7A}
		{A0B0540B-4B1C-4307-B094-8AEF0B62F514} = {82F40981-48CC-4B75-9738-B394AB990E7A}
		{B2638542-666E-4A9D-AAD4-CAC77D948871} = {1D1589DF-CEB2-4B1C-B8BF-A86CD7A7B4A6}
		{A0B7A7DB-5474-412F-A4E0-4010132F2CE9} = {32C8E39D-93AC-4AF9-981B-152478ADFCA5}
		{FDA6D9B8-9373-4E3A-9F39-3C97BA421470} = {32C8E39D-93AC-4AF9-981B-152478ADFCA5}
		{7D172217-98C8-4311-8318-6900F6F8D50D} = {32C8E39D-93AC-4AF9-981B-152478ADFCA5}
		{02D3071F-EF79-4FD9-9752-4B041099C459} = {32C8E39D-93AC-4AF9-981B-152478ADFCA5}
		{D80CBA22-4E4A-49E5-B875-61558962FD53} = {1D1589DF-CEB2-4B1C-B8BF-A86CD7A7B4A6}
		{03B6E372-5BC9-488B-91F9-C01A7BCAF07A} = {32C8E39D-93AC-4AF9-981B-152478ADFCA5}
		{6A46B867-16ED-4700-AC6E-FBB6FC49B280} = {1D1589DF-CEB2-4B1C-B8BF-A86CD7A7B4A6}
		{0C6DDAD3-BD78-49AF-AFD3-17FFC8846167} = {1D1589DF-CEB2-4B1C-B8BF-A86CD7A7B4A6}
		{C88C6770-CFF4-48E7-A313-6905A6C14AC2} = {32C8E39D-93AC-4AF9-981B-152478ADFCA5}
		{FB207873-8FE2-42F9-8AEE-A1DCD3E48035} = {1D1589DF-CEB2-4B1C-B8BF-A86CD7A7B4A6}
		{165570E1-C782-47F4-AA6D-00546682AC13} = {1D1589DF-CEB2-4B1C-B8BF-A86CD7A7B4A6}
		{5F07AED9-3A33-4A54-80D1-A0164C886EF8} = {1EFDBC80-D09C-4B00-9984-6E21E6422D74}
		{47A17268-A0B1-48C9-93FD-7DB05D472FA4} = {1EFDBC80-D09C-4B00-9984-6E21E6422D74}
		{6C0D692C-4CD3-4C3F-83FF-476F59CCEE17} = {1EFDBC80-D09C-4B00-9984-6E21E6422D74}
		{94A40C0D-51B6-4CA7-842D-52136B21C4F1} = {1EFDBC80-D09C-4B00-9984-6E21E6422D74}
		{3EE401ED-9AE7-4AB5-B017-9CBAE39B1C1C} = {1EFDBC80-D09C-4B00-9984-6E21E6422D74}
	EndGlobalSection
	GlobalSection(ExtensibilityGlobals) = postSolution
		SolutionGuid = {1D0078F3-1E11-49D2-AE2C-6EA7D61E1B06}
	EndGlobalSection
EndGlobal
